
Microsoft Visual Studio Solution File, Format Version 12.00
# Visual Studio Version 17
VisualStudioVersion = 17.2.32505.173
MinimumVisualStudioVersion = 10.0.40219.1
Project("{FAE04EC0-301F-11D3-BF4B-00C04F79EFBC}") = "CacheDatabase.Settings", "CacheDatabase.Settings.csproj", "{40DBC160-9940-4906-9B55-DCD2E1EDCA21}"
EndProject
Project("{FAE04EC0-301F-11D3-BF4B-00C04F79EFBC}") = "CacheDatabase.Settings.App", "..\CacheDatabase.Settings.App\CacheDatabase.Settings.App.csproj", "{D89A4536-0AD0-488A-B28E-C6912D9941F8}"
EndProject
Global
	GlobalSection(SolutionConfigurationPlatforms) = preSolution
		Debug|Any CPU = Debug|Any CPU
		Release|Any CPU = Release|Any CPU
	EndGlobalSection
	GlobalSection(ProjectConfigurationPlatforms) = postSolution
		{40DBC160-9940-4906-9B55-DCD2E1EDCA21}.Debug|Any CPU.ActiveCfg = Debug|Any CPU
		{40DBC160-9940-4906-9B55-DCD2E1EDCA21}.Debug|Any CPU.Build.0 = Debug|Any CPU
		{40DBC160-9940-4906-9B55-DCD2E1EDCA21}.Release|Any CPU.ActiveCfg = Release|Any CPU
		{40DBC160-9940-4906-9B55-DCD2E1EDCA21}.Release|Any CPU.Build.0 = Release|Any CPU
		{D89A4536-0AD0-488A-B28E-C6912D9941F8}.Debug|Any CPU.ActiveCfg = Debug|Any CPU
		{D89A4536-0AD0-488A-B28E-C6912D9941F8}.Debug|Any CPU.Build.0 = Debug|Any CPU
		{D89A4536-0AD0-488A-B28E-C6912D9941F8}.Release|Any CPU.ActiveCfg = Release|Any CPU
		{D89A4536-0AD0-488A-B28E-C6912D9941F8}.Release|Any CPU.Build.0 = Release|Any CPU
	EndGlobalSection
	GlobalSection(SolutionProperties) = preSolution
		HideSolutionNode = FALSE
	EndGlobalSection
	GlobalSection(ExtensibilityGlobals) = postSolution
		SolutionGuid = {2184198E-1B16-4E83-9462-E4BF13EEB1DD}
	EndGlobalSection
EndGlobal
